// !$*UTF8*$!
{
	archiveVersion = 1;
	classes = {
	};
	objectVersion = 50;
	objects = {

/* Begin PBXBuildFile section */
		A500C70423D330150020B3BE /* AlarmViewModel.swift in Sources */ = {isa = PBXBuildFile; fileRef = A500C70323D330150020B3BE /* AlarmViewModel.swift */; };
		A500C70723D331870020B3BE /* AlarmViewController.swift in Sources */ = {isa = PBXBuildFile; fileRef = A500C70523D331870020B3BE /* AlarmViewController.swift */; };
		A500C70823D331870020B3BE /* AlarmViewController.xib in Resources */ = {isa = PBXBuildFile; fileRef = A500C70623D331870020B3BE /* AlarmViewController.xib */; };
		A500C70C23D4BC690020B3BE /* UIView.swift in Sources */ = {isa = PBXBuildFile; fileRef = A500C70B23D4BC690020B3BE /* UIView.swift */; };
		A52F2A8D23D3121200190870 /* AppDelegate.swift in Sources */ = {isa = PBXBuildFile; fileRef = A52F2A8C23D3121200190870 /* AppDelegate.swift */; };
		A52F2A8F23D3121200190870 /* SceneDelegate.swift in Sources */ = {isa = PBXBuildFile; fileRef = A52F2A8E23D3121200190870 /* SceneDelegate.swift */; };
		A52F2A9923D3121400190870 /* LaunchScreen.storyboard in Resources */ = {isa = PBXBuildFile; fileRef = A52F2A9723D3121400190870 /* LaunchScreen.storyboard */; };
		A52F2AB223D31CED00190870 /* Logger.swift in Sources */ = {isa = PBXBuildFile; fileRef = A52F2AB123D31CED00190870 /* Logger.swift */; };
		A52F2AB323D31D2B00190870 /* BaseViewController.swift in Sources */ = {isa = PBXBuildFile; fileRef = A52F2AA923D317E700190870 /* BaseViewController.swift */; };
		A52F2AB423D31D2B00190870 /* BaseViewModel.swift in Sources */ = {isa = PBXBuildFile; fileRef = A52F2AAA23D317F200190870 /* BaseViewModel.swift */; };
		A5E0EFFB23D3290400A9CA3B /* Assets.xcassets in Resources */ = {isa = PBXBuildFile; fileRef = A5E0EFFA23D3290400A9CA3B /* Assets.xcassets */; };
/* End PBXBuildFile section */

/* Begin PBXFileReference section */
		A500C70323D330150020B3BE /* AlarmViewModel.swift */ = {isa = PBXFileReference; lastKnownFileType = sourcecode.swift; path = AlarmViewModel.swift; sourceTree = "<group>"; };
		A500C70523D331870020B3BE /* AlarmViewController.swift */ = {isa = PBXFileReference; lastKnownFileType = sourcecode.swift; path = AlarmViewController.swift; sourceTree = "<group>"; };
		A500C70623D331870020B3BE /* AlarmViewController.xib */ = {isa = PBXFileReference; lastKnownFileType = file.xib; path = AlarmViewController.xib; sourceTree = "<group>"; };
		A500C70B23D4BC690020B3BE /* UIView.swift */ = {isa = PBXFileReference; lastKnownFileType = sourcecode.swift; path = UIView.swift; sourceTree = "<group>"; };
		A52F2A8923D3121200190870 /* BoostersChallange.app */ = {isa = PBXFileReference; explicitFileType = wrapper.application; includeInIndex = 0; path = BoostersChallange.app; sourceTree = BUILT_PRODUCTS_DIR; };
		A52F2A8C23D3121200190870 /* AppDelegate.swift */ = {isa = PBXFileReference; lastKnownFileType = sourcecode.swift; path = AppDelegate.swift; sourceTree = "<group>"; };
		A52F2A8E23D3121200190870 /* SceneDelegate.swift */ = {isa = PBXFileReference; lastKnownFileType = sourcecode.swift; path = SceneDelegate.swift; sourceTree = "<group>"; };
		A52F2A9823D3121400190870 /* Base */ = {isa = PBXFileReference; lastKnownFileType = file.storyboard; name = Base; path = Base.lproj/LaunchScreen.storyboard; sourceTree = "<group>"; };
		A52F2A9A23D3121400190870 /* Info.plist */ = {isa = PBXFileReference; lastKnownFileType = text.plist.xml; path = Info.plist; sourceTree = "<group>"; };
		A52F2AA923D317E700190870 /* BaseViewController.swift */ = {isa = PBXFileReference; lastKnownFileType = sourcecode.swift; path = BaseViewController.swift; sourceTree = "<group>"; };
		A52F2AAA23D317F200190870 /* BaseViewModel.swift */ = {isa = PBXFileReference; lastKnownFileType = sourcecode.swift; path = BaseViewModel.swift; sourceTree = "<group>"; };
		A52F2AB123D31CED00190870 /* Logger.swift */ = {isa = PBXFileReference; lastKnownFileType = sourcecode.swift; path = Logger.swift; sourceTree = "<group>"; };
		A5E0EFFA23D3290400A9CA3B /* Assets.xcassets */ = {isa = PBXFileReference; lastKnownFileType = folder.assetcatalog; path = Assets.xcassets; sourceTree = "<group>"; };
/* End PBXFileReference section */

/* Begin PBXFrameworksBuildPhase section */
		A52F2A8623D3121200190870 /* Frameworks */ = {
			isa = PBXFrameworksBuildPhase;
			buildActionMask = 2147483647;
			files = (
			);
			runOnlyForDeploymentPostprocessing = 0;
		};
/* End PBXFrameworksBuildPhase section */

/* Begin PBXGroup section */
		A500C70223D32FEE0020B3BE /* Alarm */ = {
			isa = PBXGroup;
			children = (
				A500C70323D330150020B3BE /* AlarmViewModel.swift */,
				A500C70523D331870020B3BE /* AlarmViewController.swift */,
				A500C70623D331870020B3BE /* AlarmViewController.xib */,
			);
			path = Alarm;
			sourceTree = "<group>";
		};
		A500C70923D4BC430020B3BE /* Extensions */ = {
			isa = PBXGroup;
			children = (
				A500C70A23D4BC4D0020B3BE /* User Interface */,
			);
			path = Extensions;
			sourceTree = "<group>";
		};
		A500C70A23D4BC4D0020B3BE /* User Interface */ = {
			isa = PBXGroup;
			children = (
				A500C70B23D4BC690020B3BE /* UIView.swift */,
			);
			path = "User Interface";
			sourceTree = "<group>";
		};
		A52F2A8023D3121200190870 = {
			isa = PBXGroup;
			children = (
				A52F2A8B23D3121200190870 /* BoostersChallange */,
				A52F2A8A23D3121200190870 /* Products */,
			);
			sourceTree = "<group>";
		};
		A52F2A8A23D3121200190870 /* Products */ = {
			isa = PBXGroup;
			children = (
				A52F2A8923D3121200190870 /* BoostersChallange.app */,
			);
			name = Products;
			sourceTree = "<group>";
		};
		A52F2A8B23D3121200190870 /* BoostersChallange */ = {
			isa = PBXGroup;
			children = (
				A500C70923D4BC430020B3BE /* Extensions */,
				A52F2AA323D3166800190870 /* Features */,
				A52F2AAC23D3188C00190870 /* Resources */,
				A52F2AAB23D3183A00190870 /* Supporting Files */,
			);
			path = BoostersChallange;
			sourceTree = "<group>";
		};
		A52F2AA323D3166800190870 /* Features */ = {
			isa = PBXGroup;
			children = (
				A52F2AB523D31DCB00190870 /* LaunchScreen */,
				A52F2AA423D3169D00190870 /* Main */,
				A52F2AA523D316A900190870 /* Audio */,
				A52F2AA623D3178300190870 /* Shared */,
			);
			path = Features;
			sourceTree = "<group>";
		};
		A52F2AA423D3169D00190870 /* Main */ = {
			isa = PBXGroup;
			children = (
				A500C70223D32FEE0020B3BE /* Alarm */,
			);
			path = Main;
			sourceTree = "<group>";
		};
		A52F2AA523D316A900190870 /* Audio */ = {
			isa = PBXGroup;
			children = (
			);
			path = Audio;
			sourceTree = "<group>";
		};
		A52F2AA623D3178300190870 /* Shared */ = {
			isa = PBXGroup;
			children = (
				A52F2AB023D31CBE00190870 /* Logger */,
				A52F2AA723D3179000190870 /* BaseViewController */,
				A52F2AA823D317AD00190870 /* BaseViewModel */,
			);
			path = Shared;
			sourceTree = "<group>";
		};
		A52F2AA723D3179000190870 /* BaseViewController */ = {
			isa = PBXGroup;
			children = (
				A52F2AA923D317E700190870 /* BaseViewController.swift */,
			);
			path = BaseViewController;
			sourceTree = "<group>";
		};
		A52F2AA823D317AD00190870 /* BaseViewModel */ = {
			isa = PBXGroup;
			children = (
				A52F2AAA23D317F200190870 /* BaseViewModel.swift */,
			);
			path = BaseViewModel;
			sourceTree = "<group>";
		};
		A52F2AAB23D3183A00190870 /* Supporting Files */ = {
			isa = PBXGroup;
			children = (
				A52F2A8C23D3121200190870 /* AppDelegate.swift */,
				A52F2A8E23D3121200190870 /* SceneDelegate.swift */,
				A52F2A9A23D3121400190870 /* Info.plist */,
			);
			path = "Supporting Files";
			sourceTree = "<group>";
		};
		A52F2AAC23D3188C00190870 /* Resources */ = {
			isa = PBXGroup;
			children = (
				A52F2AAD23D3189B00190870 /* Assets */,
			);
			path = Resources;
			sourceTree = "<group>";
		};
		A52F2AAD23D3189B00190870 /* Assets */ = {
			isa = PBXGroup;
			children = (
				A5E0EFFA23D3290400A9CA3B /* Assets.xcassets */,
			);
			path = Assets;
			sourceTree = "<group>";
		};
		A52F2AB023D31CBE00190870 /* Logger */ = {
			isa = PBXGroup;
			children = (
				A52F2AB123D31CED00190870 /* Logger.swift */,
			);
			path = Logger;
			sourceTree = "<group>";
		};
		A52F2AB523D31DCB00190870 /* LaunchScreen */ = {
			isa = PBXGroup;
			children = (
				A52F2A9723D3121400190870 /* LaunchScreen.storyboard */,
			);
			path = LaunchScreen;
			sourceTree = "<group>";
		};
/* End PBXGroup section */

/* Begin PBXNativeTarget section */
		A52F2A8823D3121200190870 /* BoostersChallange */ = {
			isa = PBXNativeTarget;
			buildConfigurationList = A52F2A9D23D3121400190870 /* Build configuration list for PBXNativeTarget "BoostersChallange" */;
			buildPhases = (
				A52F2A8523D3121200190870 /* Sources */,
				A52F2A8623D3121200190870 /* Frameworks */,
				A52F2A8723D3121200190870 /* Resources */,
			);
			buildRules = (
			);
			dependencies = (
			);
			name = BoostersChallange;
			productName = BoostersChallange;
			productReference = A52F2A8923D3121200190870 /* BoostersChallange.app */;
			productType = "com.apple.product-type.application";
		};
/* End PBXNativeTarget section */

/* Begin PBXProject section */
		A52F2A8123D3121200190870 /* Project object */ = {
			isa = PBXProject;
			attributes = {
				LastSwiftUpdateCheck = 1130;
				LastUpgradeCheck = 1130;
				ORGANIZATIONNAME = "Ivan Besarab";
				TargetAttributes = {
					A52F2A8823D3121200190870 = {
						CreatedOnToolsVersion = 11.3.1;
					};
				};
			};
			buildConfigurationList = A52F2A8423D3121200190870 /* Build configuration list for PBXProject "BoostersChallange" */;
			compatibilityVersion = "Xcode 9.3";
			developmentRegion = en;
			hasScannedForEncodings = 0;
			knownRegions = (
				en,
				Base,
			);
			mainGroup = A52F2A8023D3121200190870;
			productRefGroup = A52F2A8A23D3121200190870 /* Products */;
			projectDirPath = "";
			projectRoot = "";
			targets = (
				A52F2A8823D3121200190870 /* BoostersChallange */,
			);
		};
/* End PBXProject section */

/* Begin PBXResourcesBuildPhase section */
		A52F2A8723D3121200190870 /* Resources */ = {
			isa = PBXResourcesBuildPhase;
			buildActionMask = 2147483647;
			files = (
				A500C70823D331870020B3BE /* AlarmViewController.xib in Resources */,
				A5E0EFFB23D3290400A9CA3B /* Assets.xcassets in Resources */,
				A52F2A9923D3121400190870 /* LaunchScreen.storyboard in Resources */,
			);
			runOnlyForDeploymentPostprocessing = 0;
		};
/* End PBXResourcesBuildPhase section */

/* Begin PBXSourcesBuildPhase section */
		A52F2A8523D3121200190870 /* Sources */ = {
			isa = PBXSourcesBuildPhase;
			buildActionMask = 2147483647;
			files = (
				A500C70C23D4BC690020B3BE /* UIView.swift in Sources */,
				A52F2AB323D31D2B00190870 /* BaseViewController.swift in Sources */,
				A52F2A8D23D3121200190870 /* AppDelegate.swift in Sources */,
				A500C70723D331870020B3BE /* AlarmViewController.swift in Sources */,
				A52F2A8F23D3121200190870 /* SceneDelegate.swift in Sources */,
				A52F2AB223D31CED00190870 /* Logger.swift in Sources */,
				A500C70423D330150020B3BE /* AlarmViewModel.swift in Sources */,
				A52F2AB423D31D2B00190870 /* BaseViewModel.swift in Sources */,
			);
			runOnlyForDeploymentPostprocessing = 0;
		};
/* End PBXSourcesBuildPhase section */

/* Begin PBXVariantGroup section */
		A52F2A9723D3121400190870 /* LaunchScreen.storyboard */ = {
			isa = PBXVariantGroup;
			children = (
				A52F2A9823D3121400190870 /* Base */,
			);
			name = LaunchScreen.storyboard;
			sourceTree = "<group>";
		};
/* End PBXVariantGroup section */

/* Begin XCBuildConfiguration section */
		A52F2A9B23D3121400190870 /* Debug */ = {
			isa = XCBuildConfiguration;
			buildSettings = {
				ALWAYS_SEARCH_USER_PATHS = NO;
				CLANG_ANALYZER_NONNULL = YES;
				CLANG_ANALYZER_NUMBER_OBJECT_CONVERSION = YES_AGGRESSIVE;
				CLANG_CXX_LANGUAGE_STANDARD = "gnu++14";
				CLANG_CXX_LIBRARY = "libc++";
				CLANG_ENABLE_MODULES = YES;
				CLANG_ENABLE_OBJC_ARC = YES;
				CLANG_ENABLE_OBJC_WEAK = YES;
				CLANG_WARN_BLOCK_CAPTURE_AUTORELEASING = YES;
				CLANG_WARN_BOOL_CONVERSION = YES;
				CLANG_WARN_COMMA = YES;
				CLANG_WARN_CONSTANT_CONVERSION = YES;
				CLANG_WARN_DEPRECATED_OBJC_IMPLEMENTATIONS = YES;
				CLANG_WARN_DIRECT_OBJC_ISA_USAGE = YES_ERROR;
				CLANG_WARN_DOCUMENTATION_COMMENTS = YES;
				CLANG_WARN_EMPTY_BODY = YES;
				CLANG_WARN_ENUM_CONVERSION = YES;
				CLANG_WARN_INFINITE_RECURSION = YES;
				CLANG_WARN_INT_CONVERSION = YES;
				CLANG_WARN_NON_LITERAL_NULL_CONVERSION = YES;
				CLANG_WARN_OBJC_IMPLICIT_RETAIN_SELF = YES;
				CLANG_WARN_OBJC_LITERAL_CONVERSION = YES;
				CLANG_WARN_OBJC_ROOT_CLASS = YES_ERROR;
				CLANG_WARN_RANGE_LOOP_ANALYSIS = YES;
				CLANG_WARN_STRICT_PROTOTYPES = YES;
				CLANG_WARN_SUSPICIOUS_MOVE = YES;
				CLANG_WARN_UNGUARDED_AVAILABILITY = YES_AGGRESSIVE;
				CLANG_WARN_UNREACHABLE_CODE = YES;
				CLANG_WARN__DUPLICATE_METHOD_MATCH = YES;
				COPY_PHASE_STRIP = NO;
				DEBUG_INFORMATION_FORMAT = dwarf;
				ENABLE_STRICT_OBJC_MSGSEND = YES;
				ENABLE_TESTABILITY = YES;
				GCC_C_LANGUAGE_STANDARD = gnu11;
				GCC_DYNAMIC_NO_PIC = NO;
				GCC_NO_COMMON_BLOCKS = YES;
				GCC_OPTIMIZATION_LEVEL = 0;
				GCC_PREPROCESSOR_DEFINITIONS = (
					"DEBUG=1",
					"$(inherited)",
				);
				GCC_WARN_64_TO_32_BIT_CONVERSION = YES;
				GCC_WARN_ABOUT_RETURN_TYPE = YES_ERROR;
				GCC_WARN_UNDECLARED_SELECTOR = YES;
				GCC_WARN_UNINITIALIZED_AUTOS = YES_AGGRESSIVE;
				GCC_WARN_UNUSED_FUNCTION = YES;
				GCC_WARN_UNUSED_VARIABLE = YES;
				IPHONEOS_DEPLOYMENT_TARGET = 13.2;
				MTL_ENABLE_DEBUG_INFO = INCLUDE_SOURCE;
				MTL_FAST_MATH = YES;
				ONLY_ACTIVE_ARCH = YES;
				SDKROOT = iphoneos;
				SWIFT_ACTIVE_COMPILATION_CONDITIONS = DEBUG;
				SWIFT_OPTIMIZATION_LEVEL = "-Onone";
			};
			name = Debug;
		};
		A52F2A9C23D3121400190870 /* Release */ = {
			isa = XCBuildConfiguration;
			buildSettings = {
				ALWAYS_SEARCH_USER_PATHS = NO;
				CLANG_ANALYZER_NONNULL = YES;
				CLANG_ANALYZER_NUMBER_OBJECT_CONVERSION = YES_AGGRESSIVE;
				CLANG_CXX_LANGUAGE_STANDARD = "gnu++14";
				CLANG_CXX_LIBRARY = "libc++";
				CLANG_ENABLE_MODULES = YES;
				CLANG_ENABLE_OBJC_ARC = YES;
				CLANG_ENABLE_OBJC_WEAK = YES;
				CLANG_WARN_BLOCK_CAPTURE_AUTORELEASING = YES;
				CLANG_WARN_BOOL_CONVERSION = YES;
				CLANG_WARN_COMMA = YES;
				CLANG_WARN_CONSTANT_CONVERSION = YES;
				CLANG_WARN_DEPRECATED_OBJC_IMPLEMENTATIONS = YES;
				CLANG_WARN_DIRECT_OBJC_ISA_USAGE = YES_ERROR;
				CLANG_WARN_DOCUMENTATION_COMMENTS = YES;
				CLANG_WARN_EMPTY_BODY = YES;
				CLANG_WARN_ENUM_CONVERSION = YES;
				CLANG_WARN_INFINITE_RECURSION = YES;
				CLANG_WARN_INT_CONVERSION = YES;
				CLANG_WARN_NON_LITERAL_NULL_CONVERSION = YES;
				CLANG_WARN_OBJC_IMPLICIT_RETAIN_SELF = YES;
				CLANG_WARN_OBJC_LITERAL_CONVERSION = YES;
				CLANG_WARN_OBJC_ROOT_CLASS = YES_ERROR;
				CLANG_WARN_RANGE_LOOP_ANALYSIS = YES;
				CLANG_WARN_STRICT_PROTOTYPES = YES;
				CLANG_WARN_SUSPICIOUS_MOVE = YES;
				CLANG_WARN_UNGUARDED_AVAILABILITY = YES_AGGRESSIVE;
				CLANG_WARN_UNREACHABLE_CODE = YES;
				CLANG_WARN__DUPLICATE_METHOD_MATCH = YES;
				COPY_PHASE_STRIP = NO;
				DEBUG_INFORMATION_FORMAT = "dwarf-with-dsym";
				ENABLE_NS_ASSERTIONS = NO;
				ENABLE_STRICT_OBJC_MSGSEND = YES;
				GCC_C_LANGUAGE_STANDARD = gnu11;
				GCC_NO_COMMON_BLOCKS = YES;
				GCC_WARN_64_TO_32_BIT_CONVERSION = YES;
				GCC_WARN_ABOUT_RETURN_TYPE = YES_ERROR;
				GCC_WARN_UNDECLARED_SELECTOR = YES;
				GCC_WARN_UNINITIALIZED_AUTOS = YES_AGGRESSIVE;
				GCC_WARN_UNUSED_FUNCTION = YES;
				GCC_WARN_UNUSED_VARIABLE = YES;
				IPHONEOS_DEPLOYMENT_TARGET = 13.2;
				MTL_ENABLE_DEBUG_INFO = NO;
				MTL_FAST_MATH = YES;
				SDKROOT = iphoneos;
				SWIFT_COMPILATION_MODE = wholemodule;
				SWIFT_OPTIMIZATION_LEVEL = "-O";
				VALIDATE_PRODUCT = YES;
			};
			name = Release;
		};
		A52F2A9E23D3121400190870 /* Debug */ = {
			isa = XCBuildConfiguration;
			buildSettings = {
				ASSETCATALOG_COMPILER_APPICON_NAME = AppIcon;
				CODE_SIGN_STYLE = Automatic;
				INFOPLIST_FILE = "BoostersChallange/Supporting Files/Info.plist";
				LD_RUNPATH_SEARCH_PATHS = (
					"$(inherited)",
					"@executable_path/Frameworks",
				);
				PRODUCT_BUNDLE_IDENTIFIER = com.swishlabs.BoostersChallange;
				PRODUCT_NAME = "$(TARGET_NAME)";
				SWIFT_VERSION = 5.0;
				TARGETED_DEVICE_FAMILY = "1,2";
			};
			name = Debug;
		};
		A52F2A9F23D3121400190870 /* Release */ = {
			isa = XCBuildConfiguration;
			buildSettings = {
				ASSETCATALOG_COMPILER_APPICON_NAME = AppIcon;
				CODE_SIGN_STYLE = Automatic;
				INFOPLIST_FILE = "BoostersChallange/Supporting Files/Info.plist";
				LD_RUNPATH_SEARCH_PATHS = (
					"$(inherited)",
					"@executable_path/Frameworks",
				);
				PRODUCT_BUNDLE_IDENTIFIER = com.swishlabs.BoostersChallange;
				PRODUCT_NAME = "$(TARGET_NAME)";
				SWIFT_VERSION = 5.0;
				TARGETED_DEVICE_FAMILY = "1,2";
			};
			name = Release;
		};
/* End XCBuildConfiguration section */

/* Begin XCConfigurationList section */
		A52F2A8423D3121200190870 /* Build configuration list for PBXProject "BoostersChallange" */ = {
			isa = XCConfigurationList;
			buildConfigurations = (
				A52F2A9B23D3121400190870 /* Debug */,
				A52F2A9C23D3121400190870 /* Release */,
			);
			defaultConfigurationIsVisible = 0;
			defaultConfigurationName = Release;
		};
		A52F2A9D23D3121400190870 /* Build configuration list for PBXNativeTarget "BoostersChallange" */ = {
			isa = XCConfigurationList;
			buildConfigurations = (
				A52F2A9E23D3121400190870 /* Debug */,
				A52F2A9F23D3121400190870 /* Release */,
			);
			defaultConfigurationIsVisible = 0;
			defaultConfigurationName = Release;
		};
/* End XCConfigurationList section */
	};
	rootObject = A52F2A8123D3121200190870 /* Project object */;
}
